
Microsoft Visual Studio Solution File, Format Version 12.00
# Visual Studio Version 17
VisualStudioVersion = 17.7.34031.279
MinimumVisualStudioVersion = 10.0.40219.1
Project("{FAE04EC0-301F-11D3-BF4B-00C04F79EFBC}") = "LossSounds", "LossSounds\LossSounds.csproj", "{6B626AA5-6892-4257-B1BE-D1E4478357F6}"
EndProject
Global
	GlobalSection(SolutionConfigurationPlatforms) = preSolution
		Debug|Any CPU = Debug|Any CPU
		Release|Any CPU = Release|Any CPU
	EndGlobalSection
	GlobalSection(ProjectConfigurationPlatforms) = postSolution
		{6B626AA5-6892-4257-B1BE-D1E4478357F6}.Debug|Any CPU.ActiveCfg = Debug|Any CPU
		{6B626AA5-6892-4257-B1BE-D1E4478357F6}.Debug|Any CPU.Build.0 = Debug|Any CPU
		{6B626AA5-6892-4257-B1BE-D1E4478357F6}.Release|Any CPU.ActiveCfg = Release|Any CPU
		{6B626AA5-6892-4257-B1BE-D1E4478357F6}.Release|Any CPU.Build.0 = Release|Any CPU
	EndGlobalSection
	GlobalSection(SolutionProperties) = preSolution
		HideSolutionNode = FALSE
	EndGlobalSection
	GlobalSection(ExtensibilityGlobals) = postSolution
		SolutionGuid = {C17B87C3-AB97-4183-8F16-37E7D099606D}
	EndGlobalSection
EndGlobal
